// !$*UTF8*$!
{
	archiveVersion = 1;
	classes = {
	};
	objectVersion = 56;
	objects = {

/* Begin PBXBuildFile section */
		1E340F6D2C050F8F003245FE /* GameScene+Create.swift in Sources */ = {isa = PBXBuildFile; fileRef = 1E340F6C2C050F8F003245FE /* GameScene+Create.swift */; };
		1E340F702C052D53003245FE /* Nodes.swift in Sources */ = {isa = PBXBuildFile; fileRef = 1E340F6F2C052D53003245FE /* Nodes.swift */; };
		1E340F722C05410B003245FE /* Player.swift in Sources */ = {isa = PBXBuildFile; fileRef = 1E340F712C05410B003245FE /* Player.swift */; };
		1E340F742C054888003245FE /* GameScene+Touch.swift in Sources */ = {isa = PBXBuildFile; fileRef = 1E340F732C054888003245FE /* GameScene+Touch.swift */; };
		1E340F762C0549B3003245FE /* Asteroid.swift in Sources */ = {isa = PBXBuildFile; fileRef = 1E340F752C0549B3003245FE /* Asteroid.swift */; };
		1E340F782C055485003245FE /* Enemy.swift in Sources */ = {isa = PBXBuildFile; fileRef = 1E340F772C055485003245FE /* Enemy.swift */; };
		1E340F7A2C0597BE003245FE /* Shot.swift in Sources */ = {isa = PBXBuildFile; fileRef = 1E340F792C0597BE003245FE /* Shot.swift */; };
		1E9BFBA82C03BFD500A2316B /* AppDelegate.swift in Sources */ = {isa = PBXBuildFile; fileRef = 1E9BFBA72C03BFD500A2316B /* AppDelegate.swift */; };
		1E9BFBB02C03BFD500A2316B /* GameViewController.swift in Sources */ = {isa = PBXBuildFile; fileRef = 1E9BFBAF2C03BFD500A2316B /* GameViewController.swift */; };
		1E9BFBB32C03BFD500A2316B /* Base in Resources */ = {isa = PBXBuildFile; fileRef = 1E9BFBB22C03BFD500A2316B /* Base */; };
		1E9BFBB52C03BFD700A2316B /* Assets.xcassets in Resources */ = {isa = PBXBuildFile; fileRef = 1E9BFBB42C03BFD700A2316B /* Assets.xcassets */; };
		1E9BFBB82C03BFD700A2316B /* Base in Resources */ = {isa = PBXBuildFile; fileRef = 1E9BFBB72C03BFD700A2316B /* Base */; };
		1E9BFBD12C03C66B00A2316B /* enemy-explosion.mp3 in Resources */ = {isa = PBXBuildFile; fileRef = 1E9BFBC12C03C66B00A2316B /* enemy-explosion.mp3 */; };
		1E9BFBD22C03C66B00A2316B /* menu.mp3 in Resources */ = {isa = PBXBuildFile; fileRef = 1E9BFBC22C03C66B00A2316B /* menu.mp3 */; };
		1E9BFBD32C03C66B00A2316B /* player-explosion.mp3 in Resources */ = {isa = PBXBuildFile; fileRef = 1E9BFBC32C03C66B00A2316B /* player-explosion.mp3 */; };
		1E9BFBD42C03C66B00A2316B /* short-laser-gun-shot.mp3 in Resources */ = {isa = PBXBuildFile; fileRef = 1E9BFBC42C03C66B00A2316B /* short-laser-gun-shot.mp3 */; };
		1E9BFBD52C03C66B00A2316B /* space-game.mp3 in Resources */ = {isa = PBXBuildFile; fileRef = 1E9BFBC52C03C66B00A2316B /* space-game.mp3 */; };
		1E9BFBD62C03C66B00A2316B /* start-level.mp3 in Resources */ = {isa = PBXBuildFile; fileRef = 1E9BFBC62C03C66B00A2316B /* start-level.mp3 */; };
		1E9BFBD72C03C66B00A2316B /* BossExplosion.atlas in Resources */ = {isa = PBXBuildFile; fileRef = 1E9BFBC82C03C66B00A2316B /* BossExplosion.atlas */; };
		1E9BFBD82C03C66B00A2316B /* BossTurbo.atlas in Resources */ = {isa = PBXBuildFile; fileRef = 1E9BFBC92C03C66B00A2316B /* BossTurbo.atlas */; };
		1E9BFBD92C03C66B00A2316B /* EnemyExplosion.atlas in Resources */ = {isa = PBXBuildFile; fileRef = 1E9BFBCA2C03C66B00A2316B /* EnemyExplosion.atlas */; };
		1E9BFBDA2C03C66B00A2316B /* EnemyTurbo.atlas in Resources */ = {isa = PBXBuildFile; fileRef = 1E9BFBCB2C03C66B00A2316B /* EnemyTurbo.atlas */; };
		1E9BFBDB2C03C66B00A2316B /* Explosion.atlas in Resources */ = {isa = PBXBuildFile; fileRef = 1E9BFBCC2C03C66B00A2316B /* Explosion.atlas */; };
		1E9BFBDC2C03C66B00A2316B /* PlayerExplosion.atlas in Resources */ = {isa = PBXBuildFile; fileRef = 1E9BFBCD2C03C66B00A2316B /* PlayerExplosion.atlas */; };
		1E9BFBDD2C03C66B00A2316B /* PlayerNormal.atlas in Resources */ = {isa = PBXBuildFile; fileRef = 1E9BFBCE2C03C66B00A2316B /* PlayerNormal.atlas */; };
		1E9BFBDE2C03C66B00A2316B /* PlayerTurbo.atlas in Resources */ = {isa = PBXBuildFile; fileRef = 1E9BFBCF2C03C66B00A2316B /* PlayerTurbo.atlas */; };
		1E9BFBE02C03C8C100A2316B /* MainMenuScene.swift in Sources */ = {isa = PBXBuildFile; fileRef = 1E9BFBDF2C03C8C100A2316B /* MainMenuScene.swift */; };
		1E9BFBE32C03CC0400A2316B /* Background.swift in Sources */ = {isa = PBXBuildFile; fileRef = 1E9BFBE22C03CC0400A2316B /* Background.swift */; };
		1E9BFBE62C03E48E00A2316B /* Localizable.strings in Resources */ = {isa = PBXBuildFile; fileRef = 1E9BFBE42C03E48E00A2316B /* Localizable.strings */; };
		1E9BFBE92C03E67B00A2316B /* GameScene.swift in Sources */ = {isa = PBXBuildFile; fileRef = 1E9BFBE82C03E67B00A2316B /* GameScene.swift */; };
		1E9BFBEB2C03E8C900A2316B /* Constants.swift in Sources */ = {isa = PBXBuildFile; fileRef = 1E9BFBEA2C03E8C900A2316B /* Constants.swift */; };
/* End PBXBuildFile section */

/* Begin PBXFileReference section */
		1E340F6C2C050F8F003245FE /* GameScene+Create.swift */ = {isa = PBXFileReference; lastKnownFileType = sourcecode.swift; path = "GameScene+Create.swift"; sourceTree = "<group>"; };
		1E340F6F2C052D53003245FE /* Nodes.swift */ = {isa = PBXFileReference; lastKnownFileType = sourcecode.swift; path = Nodes.swift; sourceTree = "<group>"; };
		1E340F712C05410B003245FE /* Player.swift */ = {isa = PBXFileReference; lastKnownFileType = sourcecode.swift; path = Player.swift; sourceTree = "<group>"; };
		1E340F732C054888003245FE /* GameScene+Touch.swift */ = {isa = PBXFileReference; lastKnownFileType = sourcecode.swift; path = "GameScene+Touch.swift"; sourceTree = "<group>"; };
		1E340F752C0549B3003245FE /* Asteroid.swift */ = {isa = PBXFileReference; lastKnownFileType = sourcecode.swift; path = Asteroid.swift; sourceTree = "<group>"; };
		1E340F772C055485003245FE /* Enemy.swift */ = {isa = PBXFileReference; lastKnownFileType = sourcecode.swift; path = Enemy.swift; sourceTree = "<group>"; };
		1E340F792C0597BE003245FE /* Shot.swift */ = {isa = PBXFileReference; lastKnownFileType = sourcecode.swift; path = Shot.swift; sourceTree = "<group>"; };
		1E9BFBA42C03BFD500A2316B /* SpaceWar.app */ = {isa = PBXFileReference; explicitFileType = wrapper.application; includeInIndex = 0; path = SpaceWar.app; sourceTree = BUILT_PRODUCTS_DIR; };
		1E9BFBA72C03BFD500A2316B /* AppDelegate.swift */ = {isa = PBXFileReference; lastKnownFileType = sourcecode.swift; path = AppDelegate.swift; sourceTree = "<group>"; };
		1E9BFBAF2C03BFD500A2316B /* GameViewController.swift */ = {isa = PBXFileReference; lastKnownFileType = sourcecode.swift; path = GameViewController.swift; sourceTree = "<group>"; };
		1E9BFBB22C03BFD500A2316B /* Base */ = {isa = PBXFileReference; lastKnownFileType = file.storyboard; name = Base; path = Base.lproj/Main.storyboard; sourceTree = "<group>"; };
		1E9BFBB42C03BFD700A2316B /* Assets.xcassets */ = {isa = PBXFileReference; lastKnownFileType = folder.assetcatalog; path = Assets.xcassets; sourceTree = "<group>"; };
		1E9BFBB72C03BFD700A2316B /* Base */ = {isa = PBXFileReference; lastKnownFileType = file.storyboard; name = Base; path = Base.lproj/LaunchScreen.storyboard; sourceTree = "<group>"; };
		1E9BFBC12C03C66B00A2316B /* enemy-explosion.mp3 */ = {isa = PBXFileReference; lastKnownFileType = audio.mp3; path = "enemy-explosion.mp3"; sourceTree = "<group>"; };
		1E9BFBC22C03C66B00A2316B /* menu.mp3 */ = {isa = PBXFileReference; lastKnownFileType = audio.mp3; path = menu.mp3; sourceTree = "<group>"; };
		1E9BFBC32C03C66B00A2316B /* player-explosion.mp3 */ = {isa = PBXFileReference; lastKnownFileType = audio.mp3; path = "player-explosion.mp3"; sourceTree = "<group>"; };
		1E9BFBC42C03C66B00A2316B /* short-laser-gun-shot.mp3 */ = {isa = PBXFileReference; lastKnownFileType = audio.mp3; path = "short-laser-gun-shot.mp3"; sourceTree = "<group>"; };
		1E9BFBC52C03C66B00A2316B /* space-game.mp3 */ = {isa = PBXFileReference; lastKnownFileType = audio.mp3; path = "space-game.mp3"; sourceTree = "<group>"; };
		1E9BFBC62C03C66B00A2316B /* start-level.mp3 */ = {isa = PBXFileReference; lastKnownFileType = audio.mp3; path = "start-level.mp3"; sourceTree = "<group>"; };
		1E9BFBC82C03C66B00A2316B /* BossExplosion.atlas */ = {isa = PBXFileReference; lastKnownFileType = folder.skatlas; path = BossExplosion.atlas; sourceTree = "<group>"; };
		1E9BFBC92C03C66B00A2316B /* BossTurbo.atlas */ = {isa = PBXFileReference; lastKnownFileType = folder.skatlas; path = BossTurbo.atlas; sourceTree = "<group>"; };
		1E9BFBCA2C03C66B00A2316B /* EnemyExplosion.atlas */ = {isa = PBXFileReference; lastKnownFileType = folder.skatlas; path = EnemyExplosion.atlas; sourceTree = "<group>"; };
		1E9BFBCB2C03C66B00A2316B /* EnemyTurbo.atlas */ = {isa = PBXFileReference; lastKnownFileType = folder.skatlas; path = EnemyTurbo.atlas; sourceTree = "<group>"; };
		1E9BFBCC2C03C66B00A2316B /* Explosion.atlas */ = {isa = PBXFileReference; lastKnownFileType = folder.skatlas; path = Explosion.atlas; sourceTree = "<group>"; };
		1E9BFBCD2C03C66B00A2316B /* PlayerExplosion.atlas */ = {isa = PBXFileReference; lastKnownFileType = folder.skatlas; path = PlayerExplosion.atlas; sourceTree = "<group>"; };
		1E9BFBCE2C03C66B00A2316B /* PlayerNormal.atlas */ = {isa = PBXFileReference; lastKnownFileType = folder.skatlas; path = PlayerNormal.atlas; sourceTree = "<group>"; };
		1E9BFBCF2C03C66B00A2316B /* PlayerTurbo.atlas */ = {isa = PBXFileReference; lastKnownFileType = folder.skatlas; path = PlayerTurbo.atlas; sourceTree = "<group>"; };
		1E9BFBDF2C03C8C100A2316B /* MainMenuScene.swift */ = {isa = PBXFileReference; lastKnownFileType = sourcecode.swift; path = MainMenuScene.swift; sourceTree = "<group>"; };
		1E9BFBE22C03CC0400A2316B /* Background.swift */ = {isa = PBXFileReference; lastKnownFileType = sourcecode.swift; path = Background.swift; sourceTree = "<group>"; };
		1E9BFBE52C03E48E00A2316B /* en */ = {isa = PBXFileReference; lastKnownFileType = text.plist.strings; name = en; path = en.lproj/Localizable.strings; sourceTree = "<group>"; };
		1E9BFBE72C03E52200A2316B /* es-419 */ = {isa = PBXFileReference; lastKnownFileType = text.plist.strings; name = "es-419"; path = "es-419.lproj/Localizable.strings"; sourceTree = "<group>"; };
		1E9BFBE82C03E67B00A2316B /* GameScene.swift */ = {isa = PBXFileReference; lastKnownFileType = sourcecode.swift; path = GameScene.swift; sourceTree = "<group>"; };
		1E9BFBEA2C03E8C900A2316B /* Constants.swift */ = {isa = PBXFileReference; lastKnownFileType = sourcecode.swift; path = Constants.swift; sourceTree = "<group>"; };
/* End PBXFileReference section */

/* Begin PBXFrameworksBuildPhase section */
		1E9BFBA12C03BFD500A2316B /* Frameworks */ = {
			isa = PBXFrameworksBuildPhase;
			buildActionMask = 2147483647;
			files = (
			);
			runOnlyForDeploymentPostprocessing = 0;
		};
/* End PBXFrameworksBuildPhase section */

/* Begin PBXGroup section */
		1E340F6B2C050EF3003245FE /* Scenes */ = {
			isa = PBXGroup;
			children = (
				1E9BFBE82C03E67B00A2316B /* GameScene.swift */,
				1E9BFBAF2C03BFD500A2316B /* GameViewController.swift */,
				1E340F732C054888003245FE /* GameScene+Touch.swift */,
				1E340F6C2C050F8F003245FE /* GameScene+Create.swift */,
				1E9BFBDF2C03C8C100A2316B /* MainMenuScene.swift */,
			);
			path = Scenes;
			sourceTree = "<group>";
		};
		1E340F6E2C052D41003245FE /* Models */ = {
			isa = PBXGroup;
			children = (
				1E340F6F2C052D53003245FE /* Nodes.swift */,
			);
			path = Models;
			sourceTree = "<group>";
		};
		1E9BFB9B2C03BFD500A2316B = {
			isa = PBXGroup;
			children = (
				1E9BFBA62C03BFD500A2316B /* SpaceWar */,
				1E9BFBA52C03BFD500A2316B /* Products */,
			);
			sourceTree = "<group>";
		};
		1E9BFBA52C03BFD500A2316B /* Products */ = {
			isa = PBXGroup;
			children = (
				1E9BFBA42C03BFD500A2316B /* SpaceWar.app */,
			);
			name = Products;
			sourceTree = "<group>";
		};
		1E9BFBA62C03BFD500A2316B /* SpaceWar */ = {
			isa = PBXGroup;
			children = (
				1E9BFBBE2C03C62000A2316B /* Resources */,
				1E9BFBA72C03BFD500A2316B /* AppDelegate.swift */,
				1E9BFBEA2C03E8C900A2316B /* Constants.swift */,
				1E340F6E2C052D41003245FE /* Models */,
				1E340F6B2C050EF3003245FE /* Scenes */,
				1E9BFBB12C03BFD500A2316B /* Main.storyboard */,
				1E9BFBB42C03BFD700A2316B /* Assets.xcassets */,
				1E9BFBB62C03BFD700A2316B /* LaunchScreen.storyboard */,
			);
			path = SpaceWar;
			sourceTree = "<group>";
		};
		1E9BFBBE2C03C62000A2316B /* Resources */ = {
			isa = PBXGroup;
			children = (
				1E9BFBE12C03CBD500A2316B /* SpriteNodes */,
				1E9BFBC72C03C66B00A2316B /* Sounds */,
				1E9BFBD02C03C66B00A2316B /* Textures */,
				1E9BFBE42C03E48E00A2316B /* Localizable.strings */,
			);
			path = Resources;
			sourceTree = "<group>";
		};
		1E9BFBC72C03C66B00A2316B /* Sounds */ = {
			isa = PBXGroup;
			children = (
				1E9BFBC12C03C66B00A2316B /* enemy-explosion.mp3 */,
				1E9BFBC22C03C66B00A2316B /* menu.mp3 */,
				1E9BFBC32C03C66B00A2316B /* player-explosion.mp3 */,
				1E9BFBC42C03C66B00A2316B /* short-laser-gun-shot.mp3 */,
				1E9BFBC52C03C66B00A2316B /* space-game.mp3 */,
				1E9BFBC62C03C66B00A2316B /* start-level.mp3 */,
			);
			path = Sounds;
			sourceTree = "<group>";
		};
		1E9BFBD02C03C66B00A2316B /* Textures */ = {
			isa = PBXGroup;
			children = (
				1E9BFBC82C03C66B00A2316B /* BossExplosion.atlas */,
				1E9BFBC92C03C66B00A2316B /* BossTurbo.atlas */,
				1E9BFBCA2C03C66B00A2316B /* EnemyExplosion.atlas */,
				1E9BFBCB2C03C66B00A2316B /* EnemyTurbo.atlas */,
				1E9BFBCC2C03C66B00A2316B /* Explosion.atlas */,
				1E9BFBCD2C03C66B00A2316B /* PlayerExplosion.atlas */,
				1E9BFBCE2C03C66B00A2316B /* PlayerNormal.atlas */,
				1E9BFBCF2C03C66B00A2316B /* PlayerTurbo.atlas */,
			);
			path = Textures;
			sourceTree = "<group>";
		};
		1E9BFBE12C03CBD500A2316B /* SpriteNodes */ = {
			isa = PBXGroup;
			children = (
				1E9BFBE22C03CC0400A2316B /* Background.swift */,
				1E340F792C0597BE003245FE /* Shot.swift */,
				1E340F712C05410B003245FE /* Player.swift */,
				1E340F752C0549B3003245FE /* Asteroid.swift */,
				1E340F772C055485003245FE /* Enemy.swift */,
			);
			path = SpriteNodes;
			sourceTree = "<group>";
		};
/* End PBXGroup section */

/* Begin PBXNativeTarget section */
		1E9BFBA32C03BFD500A2316B /* SpaceWar */ = {
			isa = PBXNativeTarget;
			buildConfigurationList = 1E9BFBBB2C03BFD700A2316B /* Build configuration list for PBXNativeTarget "SpaceWar" */;
			buildPhases = (
				1E9BFBA02C03BFD500A2316B /* Sources */,
				1E9BFBA12C03BFD500A2316B /* Frameworks */,
				1E9BFBA22C03BFD500A2316B /* Resources */,
			);
			buildRules = (
			);
			dependencies = (
			);
			name = SpaceWar;
			productName = SpaceWar;
			productReference = 1E9BFBA42C03BFD500A2316B /* SpaceWar.app */;
			productType = "com.apple.product-type.application";
		};
/* End PBXNativeTarget section */

/* Begin PBXProject section */
		1E9BFB9C2C03BFD500A2316B /* Project object */ = {
			isa = PBXProject;
			attributes = {
				BuildIndependentTargetsInParallel = 1;
				LastSwiftUpdateCheck = 1540;
				LastUpgradeCheck = 1540;
				TargetAttributes = {
					1E9BFBA32C03BFD500A2316B = {
						CreatedOnToolsVersion = 15.4;
					};
				};
			};
			buildConfigurationList = 1E9BFB9F2C03BFD500A2316B /* Build configuration list for PBXProject "SpaceWar" */;
			compatibilityVersion = "Xcode 14.0";
			developmentRegion = en;
			hasScannedForEncodings = 0;
			knownRegions = (
				en,
				Base,
				"es-419",
			);
			mainGroup = 1E9BFB9B2C03BFD500A2316B;
			productRefGroup = 1E9BFBA52C03BFD500A2316B /* Products */;
			projectDirPath = "";
			projectRoot = "";
			targets = (
				1E9BFBA32C03BFD500A2316B /* SpaceWar */,
			);
		};
/* End PBXProject section */

/* Begin PBXResourcesBuildPhase section */
		1E9BFBA22C03BFD500A2316B /* Resources */ = {
			isa = PBXResourcesBuildPhase;
			buildActionMask = 2147483647;
			files = (
				1E9BFBDC2C03C66B00A2316B /* PlayerExplosion.atlas in Resources */,
				1E9BFBD62C03C66B00A2316B /* start-level.mp3 in Resources */,
				1E9BFBB32C03BFD500A2316B /* Base in Resources */,
				1E9BFBD92C03C66B00A2316B /* EnemyExplosion.atlas in Resources */,
				1E9BFBDA2C03C66B00A2316B /* EnemyTurbo.atlas in Resources */,
				1E9BFBD32C03C66B00A2316B /* player-explosion.mp3 in Resources */,
				1E9BFBDB2C03C66B00A2316B /* Explosion.atlas in Resources */,
				1E9BFBD22C03C66B00A2316B /* menu.mp3 in Resources */,
				1E9BFBD72C03C66B00A2316B /* BossExplosion.atlas in Resources */,
				1E9BFBD12C03C66B00A2316B /* enemy-explosion.mp3 in Resources */,
				1E9BFBB52C03BFD700A2316B /* Assets.xcassets in Resources */,
				1E9BFBDD2C03C66B00A2316B /* PlayerNormal.atlas in Resources */,
				1E9BFBD42C03C66B00A2316B /* short-laser-gun-shot.mp3 in Resources */,
				1E9BFBE62C03E48E00A2316B /* Localizable.strings in Resources */,
				1E9BFBB82C03BFD700A2316B /* Base in Resources */,
				1E9BFBDE2C03C66B00A2316B /* PlayerTurbo.atlas in Resources */,
				1E9BFBD52C03C66B00A2316B /* space-game.mp3 in Resources */,
				1E9BFBD82C03C66B00A2316B /* BossTurbo.atlas in Resources */,
			);
			runOnlyForDeploymentPostprocessing = 0;
		};
/* End PBXResourcesBuildPhase section */

/* Begin PBXSourcesBuildPhase section */
		1E9BFBA02C03BFD500A2316B /* Sources */ = {
			isa = PBXSourcesBuildPhase;
			buildActionMask = 2147483647;
			files = (
				1E9BFBE92C03E67B00A2316B /* GameScene.swift in Sources */,
				1E340F6D2C050F8F003245FE /* GameScene+Create.swift in Sources */,
				1E9BFBE02C03C8C100A2316B /* MainMenuScene.swift in Sources */,
				1E340F762C0549B3003245FE /* Asteroid.swift in Sources */,
				1E9BFBB02C03BFD500A2316B /* GameViewController.swift in Sources */,
				1E9BFBA82C03BFD500A2316B /* AppDelegate.swift in Sources */,
				1E9BFBE32C03CC0400A2316B /* Background.swift in Sources */,
				1E9BFBEB2C03E8C900A2316B /* Constants.swift in Sources */,
				1E340F782C055485003245FE /* Enemy.swift in Sources */,
				1E340F722C05410B003245FE /* Player.swift in Sources */,
				1E340F742C054888003245FE /* GameScene+Touch.swift in Sources */,
				1E340F7A2C0597BE003245FE /* Shot.swift in Sources */,
				1E340F702C052D53003245FE /* Nodes.swift in Sources */,
			);
			runOnlyForDeploymentPostprocessing = 0;
		};
/* End PBXSourcesBuildPhase section */

/* Begin PBXVariantGroup section */
		1E9BFBB12C03BFD500A2316B /* Main.storyboard */ = {
			isa = PBXVariantGroup;
			children = (
				1E9BFBB22C03BFD500A2316B /* Base */,
			);
			name = Main.storyboard;
			sourceTree = "<group>";
		};
		1E9BFBB62C03BFD700A2316B /* LaunchScreen.storyboard */ = {
			isa = PBXVariantGroup;
			children = (
				1E9BFBB72C03BFD700A2316B /* Base */,
			);
			name = LaunchScreen.storyboard;
			sourceTree = "<group>";
		};
		1E9BFBE42C03E48E00A2316B /* Localizable.strings */ = {
			isa = PBXVariantGroup;
			children = (
				1E9BFBE52C03E48E00A2316B /* en */,
				1E9BFBE72C03E52200A2316B /* es-419 */,
			);
			name = Localizable.strings;
			sourceTree = "<group>";
		};
/* End PBXVariantGroup section */

/* Begin XCBuildConfiguration section */
		1E9BFBB92C03BFD700A2316B /* Debug */ = {
			isa = XCBuildConfiguration;
			buildSettings = {
				ALWAYS_SEARCH_USER_PATHS = NO;
				ASSETCATALOG_COMPILER_GENERATE_SWIFT_ASSET_SYMBOL_EXTENSIONS = YES;
				CLANG_ANALYZER_LOCALIZABILITY_NONLOCALIZED = YES;
				CLANG_ANALYZER_NONNULL = YES;
				CLANG_ANALYZER_NUMBER_OBJECT_CONVERSION = YES_AGGRESSIVE;
				CLANG_CXX_LANGUAGE_STANDARD = "gnu++20";
				CLANG_ENABLE_MODULES = YES;
				CLANG_ENABLE_OBJC_ARC = YES;
				CLANG_ENABLE_OBJC_WEAK = YES;
				CLANG_WARN_BLOCK_CAPTURE_AUTORELEASING = YES;
				CLANG_WARN_BOOL_CONVERSION = YES;
				CLANG_WARN_COMMA = YES;
				CLANG_WARN_CONSTANT_CONVERSION = YES;
				CLANG_WARN_DEPRECATED_OBJC_IMPLEMENTATIONS = YES;
				CLANG_WARN_DIRECT_OBJC_ISA_USAGE = YES_ERROR;
				CLANG_WARN_DOCUMENTATION_COMMENTS = YES;
				CLANG_WARN_EMPTY_BODY = YES;
				CLANG_WARN_ENUM_CONVERSION = YES;
				CLANG_WARN_INFINITE_RECURSION = YES;
				CLANG_WARN_INT_CONVERSION = YES;
				CLANG_WARN_NON_LITERAL_NULL_CONVERSION = YES;
				CLANG_WARN_OBJC_IMPLICIT_RETAIN_SELF = YES;
				CLANG_WARN_OBJC_LITERAL_CONVERSION = YES;
				CLANG_WARN_OBJC_ROOT_CLASS = YES_ERROR;
				CLANG_WARN_QUOTED_INCLUDE_IN_FRAMEWORK_HEADER = YES;
				CLANG_WARN_RANGE_LOOP_ANALYSIS = YES;
				CLANG_WARN_STRICT_PROTOTYPES = YES;
				CLANG_WARN_SUSPICIOUS_MOVE = YES;
				CLANG_WARN_UNGUARDED_AVAILABILITY = YES_AGGRESSIVE;
				CLANG_WARN_UNREACHABLE_CODE = YES;
				CLANG_WARN__DUPLICATE_METHOD_MATCH = YES;
				COPY_PHASE_STRIP = NO;
				DEBUG_INFORMATION_FORMAT = dwarf;
				ENABLE_STRICT_OBJC_MSGSEND = YES;
				ENABLE_TESTABILITY = YES;
				ENABLE_USER_SCRIPT_SANDBOXING = YES;
				GCC_C_LANGUAGE_STANDARD = gnu17;
				GCC_DYNAMIC_NO_PIC = NO;
				GCC_NO_COMMON_BLOCKS = YES;
				GCC_OPTIMIZATION_LEVEL = 0;
				GCC_PREPROCESSOR_DEFINITIONS = (
					"DEBUG=1",
					"$(inherited)",
				);
				GCC_WARN_64_TO_32_BIT_CONVERSION = YES;
				GCC_WARN_ABOUT_RETURN_TYPE = YES_ERROR;
				GCC_WARN_UNDECLARED_SELECTOR = YES;
				GCC_WARN_UNINITIALIZED_AUTOS = YES_AGGRESSIVE;
				GCC_WARN_UNUSED_FUNCTION = YES;
				GCC_WARN_UNUSED_VARIABLE = YES;
				IPHONEOS_DEPLOYMENT_TARGET = 17.5;
				LOCALIZATION_PREFERS_STRING_CATALOGS = YES;
				MTL_ENABLE_DEBUG_INFO = INCLUDE_SOURCE;
				MTL_FAST_MATH = YES;
				ONLY_ACTIVE_ARCH = YES;
				SDKROOT = iphoneos;
				SWIFT_ACTIVE_COMPILATION_CONDITIONS = "DEBUG $(inherited)";
				SWIFT_OPTIMIZATION_LEVEL = "-Onone";
			};
			name = Debug;
		};
		1E9BFBBA2C03BFD700A2316B /* Release */ = {
			isa = XCBuildConfiguration;
			buildSettings = {
				ALWAYS_SEARCH_USER_PATHS = NO;
				ASSETCATALOG_COMPILER_GENERATE_SWIFT_ASSET_SYMBOL_EXTENSIONS = YES;
				CLANG_ANALYZER_LOCALIZABILITY_NONLOCALIZED = YES;
				CLANG_ANALYZER_NONNULL = YES;
				CLANG_ANALYZER_NUMBER_OBJECT_CONVERSION = YES_AGGRESSIVE;
				CLANG_CXX_LANGUAGE_STANDARD = "gnu++20";
				CLANG_ENABLE_MODULES = YES;
				CLANG_ENABLE_OBJC_ARC = YES;
				CLANG_ENABLE_OBJC_WEAK = YES;
				CLANG_WARN_BLOCK_CAPTURE_AUTORELEASING = YES;
				CLANG_WARN_BOOL_CONVERSION = YES;
				CLANG_WARN_COMMA = YES;
				CLANG_WARN_CONSTANT_CONVERSION = YES;
				CLANG_WARN_DEPRECATED_OBJC_IMPLEMENTATIONS = YES;
				CLANG_WARN_DIRECT_OBJC_ISA_USAGE = YES_ERROR;
				CLANG_WARN_DOCUMENTATION_COMMENTS = YES;
				CLANG_WARN_EMPTY_BODY = YES;
				CLANG_WARN_ENUM_CONVERSION = YES;
				CLANG_WARN_INFINITE_RECURSION = YES;
				CLANG_WARN_INT_CONVERSION = YES;
				CLANG_WARN_NON_LITERAL_NULL_CONVERSION = YES;
				CLANG_WARN_OBJC_IMPLICIT_RETAIN_SELF = YES;
				CLANG_WARN_OBJC_LITERAL_CONVERSION = YES;
				CLANG_WARN_OBJC_ROOT_CLASS = YES_ERROR;
				CLANG_WARN_QUOTED_INCLUDE_IN_FRAMEWORK_HEADER = YES;
				CLANG_WARN_RANGE_LOOP_ANALYSIS = YES;
				CLANG_WARN_STRICT_PROTOTYPES = YES;
				CLANG_WARN_SUSPICIOUS_MOVE = YES;
				CLANG_WARN_UNGUARDED_AVAILABILITY = YES_AGGRESSIVE;
				CLANG_WARN_UNREACHABLE_CODE = YES;
				CLANG_WARN__DUPLICATE_METHOD_MATCH = YES;
				COPY_PHASE_STRIP = NO;
				DEBUG_INFORMATION_FORMAT = "dwarf-with-dsym";
				ENABLE_NS_ASSERTIONS = NO;
				ENABLE_STRICT_OBJC_MSGSEND = YES;
				ENABLE_USER_SCRIPT_SANDBOXING = YES;
				GCC_C_LANGUAGE_STANDARD = gnu17;
				GCC_NO_COMMON_BLOCKS = YES;
				GCC_WARN_64_TO_32_BIT_CONVERSION = YES;
				GCC_WARN_ABOUT_RETURN_TYPE = YES_ERROR;
				GCC_WARN_UNDECLARED_SELECTOR = YES;
				GCC_WARN_UNINITIALIZED_AUTOS = YES_AGGRESSIVE;
				GCC_WARN_UNUSED_FUNCTION = YES;
				GCC_WARN_UNUSED_VARIABLE = YES;
				IPHONEOS_DEPLOYMENT_TARGET = 17.5;
				LOCALIZATION_PREFERS_STRING_CATALOGS = YES;
				MTL_ENABLE_DEBUG_INFO = NO;
				MTL_FAST_MATH = YES;
				SDKROOT = iphoneos;
				SWIFT_COMPILATION_MODE = wholemodule;
				VALIDATE_PRODUCT = YES;
			};
			name = Release;
		};
		1E9BFBBC2C03BFD700A2316B /* Debug */ = {
			isa = XCBuildConfiguration;
			buildSettings = {
				ASSETCATALOG_COMPILER_APPICON_NAME = AppIcon;
				ASSETCATALOG_COMPILER_GLOBAL_ACCENT_COLOR_NAME = AccentColor;
				CODE_SIGN_STYLE = Automatic;
				CURRENT_PROJECT_VERSION = 1;
				DEVELOPMENT_TEAM = SW9QQ6ZD45;
				GENERATE_INFOPLIST_FILE = YES;
				INFOPLIST_KEY_CFBundleDisplayName = "Space war";
				INFOPLIST_KEY_UIApplicationSupportsIndirectInputEvents = YES;
				INFOPLIST_KEY_UILaunchStoryboardName = LaunchScreen;
				INFOPLIST_KEY_UIMainStoryboardFile = Main;
				INFOPLIST_KEY_UIStatusBarHidden = YES;
				INFOPLIST_KEY_UISupportedInterfaceOrientations = "UIInterfaceOrientationLandscapeLeft UIInterfaceOrientationLandscapeRight";
				LD_RUNPATH_SEARCH_PATHS = (
					"$(inherited)",
					"@executable_path/Frameworks",
				);
				MARKETING_VERSION = 1.0.0;
				PRODUCT_BUNDLE_IDENTIFIER = com.sw.SpaceWar;
				PRODUCT_NAME = "$(TARGET_NAME)";
				SWIFT_EMIT_LOC_STRINGS = YES;
				SWIFT_VERSION = 5.0;
				TARGETED_DEVICE_FAMILY = "1,2";
			};
			name = Debug;
		};
		1E9BFBBD2C03BFD700A2316B /* Release */ = {
			isa = XCBuildConfiguration;
			buildSettings = {
				ASSETCATALOG_COMPILER_APPICON_NAME = AppIcon;
				ASSETCATALOG_COMPILER_GLOBAL_ACCENT_COLOR_NAME = AccentColor;
				CODE_SIGN_STYLE = Automatic;
				CURRENT_PROJECT_VERSION = 1;
				DEVELOPMENT_TEAM = SW9QQ6ZD45;
				GENERATE_INFOPLIST_FILE = YES;
				INFOPLIST_KEY_CFBundleDisplayName = "Space war";
				INFOPLIST_KEY_UIApplicationSupportsIndirectInputEvents = YES;
				INFOPLIST_KEY_UILaunchStoryboardName = LaunchScreen;
				INFOPLIST_KEY_UIMainStoryboardFile = Main;
				INFOPLIST_KEY_UIStatusBarHidden = YES;
				INFOPLIST_KEY_UISupportedInterfaceOrientations = "UIInterfaceOrientationLandscapeLeft UIInterfaceOrientationLandscapeRight";
				LD_RUNPATH_SEARCH_PATHS = (
					"$(inherited)",
					"@executable_path/Frameworks",
				);
				MARKETING_VERSION = 1.0.0;
				PRODUCT_BUNDLE_IDENTIFIER = com.sw.SpaceWar;
				PRODUCT_NAME = "$(TARGET_NAME)";
				SWIFT_EMIT_LOC_STRINGS = YES;
				SWIFT_VERSION = 5.0;
				TARGETED_DEVICE_FAMILY = "1,2";
			};
			name = Release;
		};
/* End XCBuildConfiguration section */

/* Begin XCConfigurationList section */
		1E9BFB9F2C03BFD500A2316B /* Build configuration list for PBXProject "SpaceWar" */ = {
			isa = XCConfigurationList;
			buildConfigurations = (
				1E9BFBB92C03BFD700A2316B /* Debug */,
				1E9BFBBA2C03BFD700A2316B /* Release */,
			);
			defaultConfigurationIsVisible = 0;
			defaultConfigurationName = Release;
		};
		1E9BFBBB2C03BFD700A2316B /* Build configuration list for PBXNativeTarget "SpaceWar" */ = {
			isa = XCConfigurationList;
			buildConfigurations = (
				1E9BFBBC2C03BFD700A2316B /* Debug */,
				1E9BFBBD2C03BFD700A2316B /* Release */,
			);
			defaultConfigurationIsVisible = 0;
			defaultConfigurationName = Release;
		};
/* End XCConfigurationList section */
	};
	rootObject = 1E9BFB9C2C03BFD500A2316B /* Project object */;
}
